// !$*UTF8*$!
{
	archiveVersion = 1;
	classes = {
	};
	objectVersion = 77;
	objects = {

/* Begin PBXBuildFile section */
		1A15572FBB4EE4834E307D6A /* HomeView.swift in Sources */ = {isa = PBXBuildFile; fileRef = 9B69FC7C61080582A5118693 /* HomeView.swift */; };
		1E661EEAA3515612C068D125 /* MetroMapView.swift in Sources */ = {isa = PBXBuildFile; fileRef = 7B8D47C2F56A1AC598E8606E /* MetroMapView.swift */; };
		1F979DE8BDD9A5834BCDDF48 /* LocationService.swift in Sources */ = {isa = PBXBuildFile; fileRef = C8D071B7A1BA6DB561E0778F /* LocationService.swift */; };
		2399FD2DB0BAF4D5C9E317E3 /* DrawingPad.swift in Sources */ = {isa = PBXBuildFile; fileRef = 7081B3F0E86E18FA527F4415 /* DrawingPad.swift */; };
		332D1592BD3A59EF324B0E53 /* PublishSheet.swift in Sources */ = {isa = PBXBuildFile; fileRef = AA7176C9A7ED5B83B8E928FA /* PublishSheet.swift */; };
		3CC3915428B332701E409600 /* CabinView.swift in Sources */ = {isa = PBXBuildFile; fileRef = AADCB2046725A3BE392D4785 /* CabinView.swift */; };
		579FF5B56F58C62FCABFB94D /* MetroStreamTests.swift in Sources */ = {isa = PBXBuildFile; fileRef = DC662EF8D30E4A52A6ECEB17 /* MetroStreamTests.swift */; };
		763D395BB668FCECCE2852D1 /* MemoryStore.swift in Sources */ = {isa = PBXBuildFile; fileRef = F9AC6CA2AA127BC4E8A3C2FC /* MemoryStore.swift */; };
		7CA9B87EF2A4F8EBD0B11EBB /* AppState.swift in Sources */ = {isa = PBXBuildFile; fileRef = 12FBD744B367EA4E69A24664 /* AppState.swift */; };
		7FAE34309CED6F4F2158A4D0 /* DesignSystem.swift in Sources */ = {isa = PBXBuildFile; fileRef = C71A631D4FD7522569E7346D /* DesignSystem.swift */; };
		84DE1C041844978395EE33A2 /* MemoryView.swift in Sources */ = {isa = PBXBuildFile; fileRef = CCE3F976AAA400C87F0C7A1E /* MemoryView.swift */; };
		8AF008CEBB224C1CA6A795D5 /* MetroRepository.swift in Sources */ = {isa = PBXBuildFile; fileRef = 9A94F5E874B8A179F070016C /* MetroRepository.swift */; };
		8AFE58178023599014A2CE84 /* MetroModels.swift in Sources */ = {isa = PBXBuildFile; fileRef = 4F716D53FD88380D0EB517D5 /* MetroModels.swift */; };
		9031D0EFFB1CBECEDDDA6576 /* MetroStreamApp.swift in Sources */ = {isa = PBXBuildFile; fileRef = 302662B89666EA449A09EF09 /* MetroStreamApp.swift */; };
		93DD3C0FDFA9B5BDA0C10425 /* StationSelectionView.swift in Sources */ = {isa = PBXBuildFile; fileRef = B8864628ED260A9A3571406F /* StationSelectionView.swift */; };
/* End PBXBuildFile section */

/* Begin PBXContainerItemProxy section */
		5DBA3E21E63BCFD0A53888C4 /* PBXContainerItemProxy */ = {
			isa = PBXContainerItemProxy;
			containerPortal = 587ABEB82552EF65967A53FD /* Project object */;
			proxyType = 1;
			remoteGlobalIDString = DD8A553B948C924094422747;
			remoteInfo = MetroStream;
		};
/* End PBXContainerItemProxy section */

/* Begin PBXFileReference section */
		12FBD744B367EA4E69A24664 /* AppState.swift */ = {isa = PBXFileReference; lastKnownFileType = sourcecode.swift; path = AppState.swift; sourceTree = "<group>"; };
		29C7771E49AEBE3E2B9F30D9 /* MetroStream.app */ = {isa = PBXFileReference; includeInIndex = 0; lastKnownFileType = wrapper.application; path = MetroStream.app; sourceTree = BUILT_PRODUCTS_DIR; };
		302662B89666EA449A09EF09 /* MetroStreamApp.swift */ = {isa = PBXFileReference; lastKnownFileType = sourcecode.swift; path = MetroStreamApp.swift; sourceTree = "<group>"; };
		4F716D53FD88380D0EB517D5 /* MetroModels.swift */ = {isa = PBXFileReference; lastKnownFileType = sourcecode.swift; path = MetroModels.swift; sourceTree = "<group>"; };
		7081B3F0E86E18FA527F4415 /* DrawingPad.swift */ = {isa = PBXFileReference; lastKnownFileType = sourcecode.swift; path = DrawingPad.swift; sourceTree = "<group>"; };
		7B8D47C2F56A1AC598E8606E /* MetroMapView.swift */ = {isa = PBXFileReference; lastKnownFileType = sourcecode.swift; path = MetroMapView.swift; sourceTree = "<group>"; };
		9175340CB396E2853ED31012 /* MetroStreamTests.xctest */ = {isa = PBXFileReference; includeInIndex = 0; lastKnownFileType = wrapper.cfbundle; path = MetroStreamTests.xctest; sourceTree = BUILT_PRODUCTS_DIR; };
		9A94F5E874B8A179F070016C /* MetroRepository.swift */ = {isa = PBXFileReference; lastKnownFileType = sourcecode.swift; path = MetroRepository.swift; sourceTree = "<group>"; };
		9B69FC7C61080582A5118693 /* HomeView.swift */ = {isa = PBXFileReference; lastKnownFileType = sourcecode.swift; path = HomeView.swift; sourceTree = "<group>"; };
		AA7176C9A7ED5B83B8E928FA /* PublishSheet.swift */ = {isa = PBXFileReference; lastKnownFileType = sourcecode.swift; path = PublishSheet.swift; sourceTree = "<group>"; };
		AADCB2046725A3BE392D4785 /* CabinView.swift */ = {isa = PBXFileReference; lastKnownFileType = sourcecode.swift; path = CabinView.swift; sourceTree = "<group>"; };
		B8864628ED260A9A3571406F /* StationSelectionView.swift */ = {isa = PBXFileReference; lastKnownFileType = sourcecode.swift; path = StationSelectionView.swift; sourceTree = "<group>"; };
		C71A631D4FD7522569E7346D /* DesignSystem.swift */ = {isa = PBXFileReference; lastKnownFileType = sourcecode.swift; path = DesignSystem.swift; sourceTree = "<group>"; };
		C8D071B7A1BA6DB561E0778F /* LocationService.swift */ = {isa = PBXFileReference; lastKnownFileType = sourcecode.swift; path = LocationService.swift; sourceTree = "<group>"; };
		CCE3F976AAA400C87F0C7A1E /* MemoryView.swift */ = {isa = PBXFileReference; lastKnownFileType = sourcecode.swift; path = MemoryView.swift; sourceTree = "<group>"; };
		DC662EF8D30E4A52A6ECEB17 /* MetroStreamTests.swift */ = {isa = PBXFileReference; lastKnownFileType = sourcecode.swift; path = MetroStreamTests.swift; sourceTree = "<group>"; };
		F9AC6CA2AA127BC4E8A3C2FC /* MemoryStore.swift */ = {isa = PBXFileReference; lastKnownFileType = sourcecode.swift; path = MemoryStore.swift; sourceTree = "<group>"; };
/* End PBXFileReference section */

/* Begin PBXGroup section */
		08716E64B841C00A3301548B /* Shared */ = {
			isa = PBXGroup;
			children = (
				C71A631D4FD7522569E7346D /* DesignSystem.swift */,
				7B8D47C2F56A1AC598E8606E /* MetroMapView.swift */,
			);
			path = Shared;
			sourceTree = "<group>";
		};
		105EA663EA70FE314A9672E6 /* MetroStream */ = {
			isa = PBXGroup;
			children = (
				12FBD744B367EA4E69A24664 /* AppState.swift */,
				302662B89666EA449A09EF09 /* MetroStreamApp.swift */,
				98F8BD9879CC470732E8CDC4 /* Data */,
				DE44F1BE25572F4F879EB2A1 /* Models */,
				5CFF2ED1CFC9A3CCD6661FA4 /* Services */,
				F6CA584059342DEFA1035639 /* Views */,
			);
			path = MetroStream;
			sourceTree = "<group>";
		};
		2F3B8D48816917217FD66317 /* MetroStreamTests */ = {
			isa = PBXGroup;
			children = (
				DC662EF8D30E4A52A6ECEB17 /* MetroStreamTests.swift */,
			);
			path = MetroStreamTests;
			sourceTree = "<group>";
		};
		5CFF2ED1CFC9A3CCD6661FA4 /* Services */ = {
			isa = PBXGroup;
			children = (
				C8D071B7A1BA6DB561E0778F /* LocationService.swift */,
			);
			path = Services;
			sourceTree = "<group>";
		};
		63FD137746958583CAB10C34 /* Products */ = {
			isa = PBXGroup;
			children = (
				29C7771E49AEBE3E2B9F30D9 /* MetroStream.app */,
				9175340CB396E2853ED31012 /* MetroStreamTests.xctest */,
			);
			name = Products;
			sourceTree = "<group>";
		};
		863031762AFB36C3A31E5F23 = {
			isa = PBXGroup;
			children = (
				105EA663EA70FE314A9672E6 /* MetroStream */,
				2F3B8D48816917217FD66317 /* MetroStreamTests */,
				63FD137746958583CAB10C34 /* Products */,
			);
			sourceTree = "<group>";
		};
		88B9690B008783F80FC00E3E /* StationSelection */ = {
			isa = PBXGroup;
			children = (
				B8864628ED260A9A3571406F /* StationSelectionView.swift */,
			);
			path = StationSelection;
			sourceTree = "<group>";
		};
		98F8BD9879CC470732E8CDC4 /* Data */ = {
			isa = PBXGroup;
			children = (
				F9AC6CA2AA127BC4E8A3C2FC /* MemoryStore.swift */,
				9A94F5E874B8A179F070016C /* MetroRepository.swift */,
			);
			path = Data;
			sourceTree = "<group>";
		};
		C303EE8FBD9DFA51B705E1FE /* Memory */ = {
			isa = PBXGroup;
			children = (
				CCE3F976AAA400C87F0C7A1E /* MemoryView.swift */,
			);
			path = Memory;
			sourceTree = "<group>";
		};
		CA063CA906BFD75E70E4A900 /* Home */ = {
			isa = PBXGroup;
			children = (
				9B69FC7C61080582A5118693 /* HomeView.swift */,
			);
			path = Home;
			sourceTree = "<group>";
		};
		DD0C7F31A1C65EB9057EDC4B /* Cabin */ = {
			isa = PBXGroup;
			children = (
				AADCB2046725A3BE392D4785 /* CabinView.swift */,
				7081B3F0E86E18FA527F4415 /* DrawingPad.swift */,
				AA7176C9A7ED5B83B8E928FA /* PublishSheet.swift */,
			);
			path = Cabin;
			sourceTree = "<group>";
		};
		DE44F1BE25572F4F879EB2A1 /* Models */ = {
			isa = PBXGroup;
			children = (
				4F716D53FD88380D0EB517D5 /* MetroModels.swift */,
			);
			path = Models;
			sourceTree = "<group>";
		};
		F6CA584059342DEFA1035639 /* Views */ = {
			isa = PBXGroup;
			children = (
				DD0C7F31A1C65EB9057EDC4B /* Cabin */,
				CA063CA906BFD75E70E4A900 /* Home */,
				C303EE8FBD9DFA51B705E1FE /* Memory */,
				08716E64B841C00A3301548B /* Shared */,
				88B9690B008783F80FC00E3E /* StationSelection */,
			);
			path = Views;
			sourceTree = "<group>";
		};
/* End PBXGroup section */

/* Begin PBXNativeTarget section */
		B0BC3ADD79792A89590623B3 /* MetroStreamTests */ = {
			isa = PBXNativeTarget;
			buildConfigurationList = 09915123D904278C41670E52 /* Build configuration list for PBXNativeTarget "MetroStreamTests" */;
			buildPhases = (
				E01A869666F9FF2B65804CE7 /* Sources */,
			);
			buildRules = (
			);
			dependencies = (
				72EE7AE974FE2A521F303A0C /* PBXTargetDependency */,
			);
			name = MetroStreamTests;
			packageProductDependencies = (
			);
			productName = MetroStreamTests;
			productReference = 9175340CB396E2853ED31012 /* MetroStreamTests.xctest */;
			productType = "com.apple.product-type.bundle.unit-test";
		};
		DD8A553B948C924094422747 /* MetroStream */ = {
			isa = PBXNativeTarget;
			buildConfigurationList = F35CE422005ED47919BD22BF /* Build configuration list for PBXNativeTarget "MetroStream" */;
			buildPhases = (
				F61393ADD9958D59C67BA5DC /* Sources */,
			);
			buildRules = (
			);
			dependencies = (
			);
			name = MetroStream;
			packageProductDependencies = (
			);
			productName = MetroStream;
			productReference = 29C7771E49AEBE3E2B9F30D9 /* MetroStream.app */;
			productType = "com.apple.product-type.application";
		};
/* End PBXNativeTarget section */

/* Begin PBXProject section */
		587ABEB82552EF65967A53FD /* Project object */ = {
			isa = PBXProject;
			attributes = {
				BuildIndependentTargetsInParallel = YES;
				LastUpgradeCheck = 1430;
				TargetAttributes = {
				};
			};
			buildConfigurationList = 055897524B690599D568C42D /* Build configuration list for PBXProject "MetroStream" */;
			developmentRegion = en;
			hasScannedForEncodings = 0;
			knownRegions = (
				Base,
				en,
			);
			mainGroup = 863031762AFB36C3A31E5F23;
			minimizedProjectReferenceProxies = 1;
			preferredProjectObjectVersion = 77;
			productRefGroup = 63FD137746958583CAB10C34 /* Products */;
			projectDirPath = "";
			projectRoot = "";
			targets = (
				DD8A553B948C924094422747 /* MetroStream */,
				B0BC3ADD79792A89590623B3 /* MetroStreamTests */,
			);
		};
/* End PBXProject section */

/* Begin PBXSourcesBuildPhase section */
		E01A869666F9FF2B65804CE7 /* Sources */ = {
			isa = PBXSourcesBuildPhase;
			buildActionMask = 2147483647;
			files = (
				579FF5B56F58C62FCABFB94D /* MetroStreamTests.swift in Sources */,
			);
			runOnlyForDeploymentPostprocessing = 0;
		};
		F61393ADD9958D59C67BA5DC /* Sources */ = {
			isa = PBXSourcesBuildPhase;
			buildActionMask = 2147483647;
			files = (
				7CA9B87EF2A4F8EBD0B11EBB /* AppState.swift in Sources */,
				3CC3915428B332701E409600 /* CabinView.swift in Sources */,
				7FAE34309CED6F4F2158A4D0 /* DesignSystem.swift in Sources */,
				2399FD2DB0BAF4D5C9E317E3 /* DrawingPad.swift in Sources */,
				1A15572FBB4EE4834E307D6A /* HomeView.swift in Sources */,
				1F979DE8BDD9A5834BCDDF48 /* LocationService.swift in Sources */,
				763D395BB668FCECCE2852D1 /* MemoryStore.swift in Sources */,
				84DE1C041844978395EE33A2 /* MemoryView.swift in Sources */,
				1E661EEAA3515612C068D125 /* MetroMapView.swift in Sources */,
				8AFE58178023599014A2CE84 /* MetroModels.swift in Sources */,
				8AF008CEBB224C1CA6A795D5 /* MetroRepository.swift in Sources */,
				9031D0EFFB1CBECEDDDA6576 /* MetroStreamApp.swift in Sources */,
				332D1592BD3A59EF324B0E53 /* PublishSheet.swift in Sources */,
				93DD3C0FDFA9B5BDA0C10425 /* StationSelectionView.swift in Sources */,
			);
			runOnlyForDeploymentPostprocessing = 0;
		};
/* End PBXSourcesBuildPhase section */

/* Begin PBXTargetDependency section */
		72EE7AE974FE2A521F303A0C /* PBXTargetDependency */ = {
			isa = PBXTargetDependency;
			target = DD8A553B948C924094422747 /* MetroStream */;
			targetProxy = 5DBA3E21E63BCFD0A53888C4 /* PBXContainerItemProxy */;
		};
/* End PBXTargetDependency section */

/* Begin XCBuildConfiguration section */
		2DFAA5BF120DB4539E3F6769 /* Release */ = {
			isa = XCBuildConfiguration;
			buildSettings = {
				ASSETCATALOG_COMPILER_APPICON_NAME = "";
				CODE_SIGN_IDENTITY = "iPhone Developer";
				GENERATE_INFOPLIST_FILE = YES;
				INFOPLIST_KEY_CFBundleDisplayName = "沙丁鱼罐头";
				INFOPLIST_KEY_NSLocationWhenInUseUsageDescription = "用于推荐附近站点";
				INFOPLIST_KEY_UIApplicationSceneManifest_Generation = YES;
				INFOPLIST_KEY_UILaunchScreen_Generation = YES;
				LD_RUNPATH_SEARCH_PATHS = (
					"$(inherited)",
					"@executable_path/Frameworks",
				);
				PRODUCT_BUNDLE_IDENTIFIER = com.local.sardinecan;
				PRODUCT_MODULE_NAME = MetroStream;
				PRODUCT_NAME = MetroStream;
				SDKROOT = iphoneos;
				TARGETED_DEVICE_FAMILY = 1;
			};
			name = Release;
		};
		33BEB061DFB1B602E06359C1 /* Debug */ = {
			isa = XCBuildConfiguration;
			buildSettings = {
				ALWAYS_SEARCH_USER_PATHS = NO;
				CLANG_ANALYZER_NONNULL = YES;
				CLANG_ANALYZER_NUMBER_OBJECT_CONVERSION = YES_AGGRESSIVE;
				CLANG_CXX_LANGUAGE_STANDARD = "gnu++14";
				CLANG_CXX_LIBRARY = "libc++";
				CLANG_ENABLE_MODULES = YES;
				CLANG_ENABLE_OBJC_ARC = YES;
				CLANG_ENABLE_OBJC_WEAK = YES;
				CLANG_WARN_BLOCK_CAPTURE_AUTORELEASING = YES;
				CLANG_WARN_BOOL_CONVERSION = YES;
				CLANG_WARN_COMMA = YES;
				CLANG_WARN_CONSTANT_CONVERSION = YES;
				CLANG_WARN_DEPRECATED_OBJC_IMPLEMENTATIONS = YES;
				CLANG_WARN_DIRECT_OBJC_ISA_USAGE = YES_ERROR;
				CLANG_WARN_DOCUMENTATION_COMMENTS = YES;
				CLANG_WARN_EMPTY_BODY = YES;
				CLANG_WARN_ENUM_CONVERSION = YES;
				CLANG_WARN_INFINITE_RECURSION = YES;
				CLANG_WARN_INT_CONVERSION = YES;
				CLANG_WARN_NON_LITERAL_NULL_CONVERSION = YES;
				CLANG_WARN_OBJC_IMPLICIT_RETAIN_SELF = YES;
				CLANG_WARN_OBJC_LITERAL_CONVERSION = YES;
				CLANG_WARN_OBJC_ROOT_CLASS = YES_ERROR;
				CLANG_WARN_QUOTED_INCLUDE_IN_FRAMEWORK_HEADER = YES;
				CLANG_WARN_RANGE_LOOP_ANALYSIS = YES;
				CLANG_WARN_STRICT_PROTOTYPES = YES;
				CLANG_WARN_SUSPICIOUS_MOVE = YES;
				CLANG_WARN_UNGUARDED_AVAILABILITY = YES_AGGRESSIVE;
				CLANG_WARN_UNREACHABLE_CODE = YES;
				CLANG_WARN__DUPLICATE_METHOD_MATCH = YES;
				COPY_PHASE_STRIP = NO;
				CURRENT_PROJECT_VERSION = 1;
				DEBUG_INFORMATION_FORMAT = dwarf;
				ENABLE_STRICT_OBJC_MSGSEND = YES;
				ENABLE_TESTABILITY = YES;
				GCC_C_LANGUAGE_STANDARD = gnu11;
				GCC_DYNAMIC_NO_PIC = NO;
				GCC_NO_COMMON_BLOCKS = YES;
				GCC_OPTIMIZATION_LEVEL = 0;
				GCC_PREPROCESSOR_DEFINITIONS = (
					"$(inherited)",
					"DEBUG=1",
				);
				GCC_WARN_64_TO_32_BIT_CONVERSION = YES;
				GCC_WARN_ABOUT_RETURN_TYPE = YES_ERROR;
				GCC_WARN_UNDECLARED_SELECTOR = YES;
				GCC_WARN_UNINITIALIZED_AUTOS = YES_AGGRESSIVE;
				GCC_WARN_UNUSED_FUNCTION = YES;
				GCC_WARN_UNUSED_VARIABLE = YES;
				IPHONEOS_DEPLOYMENT_TARGET = 17.0;
				MARKETING_VERSION = 1.0;
				MTL_ENABLE_DEBUG_INFO = INCLUDE_SOURCE;
				MTL_FAST_MATH = YES;
				ONLY_ACTIVE_ARCH = YES;
				PRODUCT_NAME = "$(TARGET_NAME)";
				SDKROOT = iphoneos;
				SWIFT_ACTIVE_COMPILATION_CONDITIONS = DEBUG;
				SWIFT_OPTIMIZATION_LEVEL = "-Onone";
				SWIFT_VERSION = 6.0;
			};
			name = Debug;
		};
		3A176E79F53A231655EA5DE9 /* Release */ = {
			isa = XCBuildConfiguration;
			buildSettings = {
				BUNDLE_LOADER = "$(TEST_HOST)";
				GENERATE_INFOPLIST_FILE = YES;
				LD_RUNPATH_SEARCH_PATHS = (
					"$(inherited)",
					"@executable_path/Frameworks",
					"@loader_path/Frameworks",
				);
				PRODUCT_BUNDLE_IDENTIFIER = com.local.sardinecan.tests;
				SDKROOT = iphoneos;
				TARGETED_DEVICE_FAMILY = "1,2";
				TEST_HOST = "$(BUILT_PRODUCTS_DIR)/MetroStream.app/MetroStream";
			};
			name = Release;
		};
		486DD8E780BA41E586BD0D9A /* Release */ = {
			isa = XCBuildConfiguration;
			buildSettings = {
				ALWAYS_SEARCH_USER_PATHS = NO;
				CLANG_ANALYZER_NONNULL = YES;
				CLANG_ANALYZER_NUMBER_OBJECT_CONVERSION = YES_AGGRESSIVE;
				CLANG_CXX_LANGUAGE_STANDARD = "gnu++14";
				CLANG_CXX_LIBRARY = "libc++";
				CLANG_ENABLE_MODULES = YES;
				CLANG_ENABLE_OBJC_ARC = YES;
				CLANG_ENABLE_OBJC_WEAK = YES;
				CLANG_WARN_BLOCK_CAPTURE_AUTORELEASING = YES;
				CLANG_WARN_BOOL_CONVERSION = YES;
				CLANG_WARN_COMMA = YES;
				CLANG_WARN_CONSTANT_CONVERSION = YES;
				CLANG_WARN_DEPRECATED_OBJC_IMPLEMENTATIONS = YES;
				CLANG_WARN_DIRECT_OBJC_ISA_USAGE = YES_ERROR;
				CLANG_WARN_DOCUMENTATION_COMMENTS = YES;
				CLANG_WARN_EMPTY_BODY = YES;
				CLANG_WARN_ENUM_CONVERSION = YES;
				CLANG_WARN_INFINITE_RECURSION = YES;
				CLANG_WARN_INT_CONVERSION = YES;
				CLANG_WARN_NON_LITERAL_NULL_CONVERSION = YES;
				CLANG_WARN_OBJC_IMPLICIT_RETAIN_SELF = YES;
				CLANG_WARN_OBJC_LITERAL_CONVERSION = YES;
				CLANG_WARN_OBJC_ROOT_CLASS = YES_ERROR;
				CLANG_WARN_QUOTED_INCLUDE_IN_FRAMEWORK_HEADER = YES;
				CLANG_WARN_RANGE_LOOP_ANALYSIS = YES;
				CLANG_WARN_STRICT_PROTOTYPES = YES;
				CLANG_WARN_SUSPICIOUS_MOVE = YES;
				CLANG_WARN_UNGUARDED_AVAILABILITY = YES_AGGRESSIVE;
				CLANG_WARN_UNREACHABLE_CODE = YES;
				CLANG_WARN__DUPLICATE_METHOD_MATCH = YES;
				COPY_PHASE_STRIP = NO;
				CURRENT_PROJECT_VERSION = 1;
				DEBUG_INFORMATION_FORMAT = "dwarf-with-dsym";
				ENABLE_NS_ASSERTIONS = NO;
				ENABLE_STRICT_OBJC_MSGSEND = YES;
				GCC_C_LANGUAGE_STANDARD = gnu11;
				GCC_NO_COMMON_BLOCKS = YES;
				GCC_WARN_64_TO_32_BIT_CONVERSION = YES;
				GCC_WARN_ABOUT_RETURN_TYPE = YES_ERROR;
				GCC_WARN_UNDECLARED_SELECTOR = YES;
				GCC_WARN_UNINITIALIZED_AUTOS = YES_AGGRESSIVE;
				GCC_WARN_UNUSED_FUNCTION = YES;
				GCC_WARN_UNUSED_VARIABLE = YES;
				IPHONEOS_DEPLOYMENT_TARGET = 17.0;
				MARKETING_VERSION = 1.0;
				MTL_ENABLE_DEBUG_INFO = NO;
				MTL_FAST_MATH = YES;
				PRODUCT_NAME = "$(TARGET_NAME)";
				SDKROOT = iphoneos;
				SWIFT_COMPILATION_MODE = wholemodule;
				SWIFT_OPTIMIZATION_LEVEL = "-O";
				SWIFT_VERSION = 6.0;
			};
			name = Release;
		};
		A7AEA0103A4B550B19C530D7 /* Debug */ = {
			isa = XCBuildConfiguration;
			buildSettings = {
				ASSETCATALOG_COMPILER_APPICON_NAME = "";
				CODE_SIGN_IDENTITY = "iPhone Developer";
				GENERATE_INFOPLIST_FILE = YES;
				INFOPLIST_KEY_CFBundleDisplayName = "沙丁鱼罐头";
				INFOPLIST_KEY_NSLocationWhenInUseUsageDescription = "用于推荐附近站点";
				INFOPLIST_KEY_UIApplicationSceneManifest_Generation = YES;
				INFOPLIST_KEY_UILaunchScreen_Generation = YES;
				LD_RUNPATH_SEARCH_PATHS = (
					"$(inherited)",
					"@executable_path/Frameworks",
				);
				PRODUCT_BUNDLE_IDENTIFIER = com.local.sardinecan;
				PRODUCT_MODULE_NAME = MetroStream;
				PRODUCT_NAME = MetroStream;
				SDKROOT = iphoneos;
				TARGETED_DEVICE_FAMILY = 1;
			};
			name = Debug;
		};
		AFDDDAB19CAB90280BF5D5A5 /* Debug */ = {
			isa = XCBuildConfiguration;
			buildSettings = {
				BUNDLE_LOADER = "$(TEST_HOST)";
				GENERATE_INFOPLIST_FILE = YES;
				LD_RUNPATH_SEARCH_PATHS = (
					"$(inherited)",
					"@executable_path/Frameworks",
					"@loader_path/Frameworks",
				);
				PRODUCT_BUNDLE_IDENTIFIER = com.local.sardinecan.tests;
				SDKROOT = iphoneos;
				TARGETED_DEVICE_FAMILY = "1,2";
				TEST_HOST = "$(BUILT_PRODUCTS_DIR)/MetroStream.app/MetroStream";
			};
			name = Debug;
		};
/* End XCBuildConfiguration section */

/* Begin XCConfigurationList section */
		055897524B690599D568C42D /* Build configuration list for PBXProject "MetroStream" */ = {
			isa = XCConfigurationList;
			buildConfigurations = (
				33BEB061DFB1B602E06359C1 /* Debug */,
				486DD8E780BA41E586BD0D9A /* Release */,
			);
			defaultConfigurationIsVisible = 0;
			defaultConfigurationName = Debug;
		};
		09915123D904278C41670E52 /* Build configuration list for PBXNativeTarget "MetroStreamTests" */ = {
			isa = XCConfigurationList;
			buildConfigurations = (
				AFDDDAB19CAB90280BF5D5A5 /* Debug */,
				3A176E79F53A231655EA5DE9 /* Release */,
			);
			defaultConfigurationIsVisible = 0;
			defaultConfigurationName = Debug;
		};
		F35CE422005ED47919BD22BF /* Build configuration list for PBXNativeTarget "MetroStream" */ = {
			isa = XCConfigurationList;
			buildConfigurations = (
				A7AEA0103A4B550B19C530D7 /* Debug */,
				2DFAA5BF120DB4539E3F6769 /* Release */,
			);
			defaultConfigurationIsVisible = 0;
			defaultConfigurationName = Debug;
		};
/* End XCConfigurationList section */
	};
	rootObject = 587ABEB82552EF65967A53FD /* Project object */;
}
